
Microsoft Visual Studio Solution File, Format Version 12.00
# Visual Studio Version 16
VisualStudioVersion = 16.0.29905.134
MinimumVisualStudioVersion = 10.0.40219.1
Project("{FAE04EC0-301F-11D3-BF4B-00C04F79EFBC}") = "CallMATLABDotNetCore", "CallMATLABDotNetCore.csproj", "{6A6D1A03-B3AB-4919-AAC9-7ED6607CF680}"
EndProject
Global
	GlobalSection(SolutionConfigurationPlatforms) = preSolution
		Debug|Any CPU = Debug|Any CPU
		Release|Any CPU = Release|Any CPU
	EndGlobalSection
	GlobalSection(ProjectConfigurationPlatforms) = postSolution
		{6A6D1A03-B3AB-4919-AAC9-7ED6607CF680}.Debug|Any CPU.ActiveCfg = Debug|Any CPU
		{6A6D1A03-B3AB-4919-AAC9-7ED6607CF680}.Debug|Any CPU.Build.0 = Debug|Any CPU
		{6A6D1A03-B3AB-4919-AAC9-7ED6607CF680}.Release|Any CPU.ActiveCfg = Release|Any CPU
		{6A6D1A03-B3AB-4919-AAC9-7ED6607CF680}.Release|Any CPU.Build.0 = Release|Any CPU
	EndGlobalSection
	GlobalSection(SolutionProperties) = preSolution
		HideSolutionNode = FALSE
	EndGlobalSection
	GlobalSection(ExtensibilityGlobals) = postSolution
		SolutionGuid = {08D9EBF3-99A3-4F08-B952-C30C0A7FAF4D}
	EndGlobalSection
EndGlobal
